{
  "products":[
    {
      "id": 1,
      "name": "biba",
      "price": 3000,
      "currency": "rs",
      "available_qty":4
    },
    {
      "id": 2,
      "name": "W",
      "price": 2000,
      "currency": "rs",
      "available_qty":14
    },
    {
      "id": 1,
      "name": "Zara",
      "price": 9000,
      "currency": "rs",
      "available_qty":2
    }
  ]
  
}
